
Microsoft Visual Studio Solution File, Format Version 12.00
# Visual Studio Version 16
VisualStudioVersion = 16.0.30907.101
MinimumVisualStudioVersion = 10.0.40219.1
Project("{9A19103F-16F7-4668-BE54-9A1E7A4F7556}") = "LeetCode1246", "LeetCode1246\LeetCode1246.csproj", "{62CFA446-7AE1-4A91-A5FE-EBC6BC7F861E}"
EndProject
Project("{2150E333-8FDC-42A3-9474-1A3956D46DE8}") = "Solution Items", "Solution Items", "{A1B9D73F-C0CA-4D91-BDB5-7C263A4FB8DA}"
	ProjectSection(SolutionItems) = preProject
		README.md = README.md
	EndProjectSection
EndProject
Project("{9A19103F-16F7-4668-BE54-9A1E7A4F7556}") = "LeetCode0092", "LeetCode0092\LeetCode0092.csproj", "{3A5A7197-D5F8-4289-92BC-3A37EA8ECB0D}"
EndProject
Project("{9A19103F-16F7-4668-BE54-9A1E7A4F7556}") = "LeetCode0025", "LeetCode0025\LeetCode0025.csproj", "{4095766E-87EB-471B-92BE-C560DA454A54}"
EndProject
Project("{9A19103F-16F7-4668-BE54-9A1E7A4F7556}") = "LeetCode0010", "LeetCode0010\LeetCode0010.csproj", "{732FB678-4913-4887-ACBC-8E724233ED59}"
EndProject
Project("{9A19103F-16F7-4668-BE54-9A1E7A4F7556}") = "LeetCode0030", "LeetCode0030\LeetCode0030.csproj", "{745D24AC-CE91-44E6-9ACC-CB28C3B8A22D}"
EndProject
Project("{9A19103F-16F7-4668-BE54-9A1E7A4F7556}") = "LeetCode0032", "LeetCode0032\LeetCode0032.csproj", "{F0413CC9-181C-47AE-949E-F0A6A6B033C7}"
EndProject
Project("{9A19103F-16F7-4668-BE54-9A1E7A4F7556}") = "LeetCode0037", "LeetCode0037\LeetCode0037.csproj", "{CFE4DFFF-4C09-4AFA-AAF9-22D855FC4DB2}"
EndProject
Project("{9A19103F-16F7-4668-BE54-9A1E7A4F7556}") = "LeetCode0218", "LeetCode0218\LeetCode0218.csproj", "{D4244FB4-ACF3-4B1E-8AA8-A4ABD7CB6D19}"
EndProject
Project("{9A19103F-16F7-4668-BE54-9A1E7A4F7556}") = "LeetCode0004", "LeetCode0004\LeetCode0004.csproj", "{2BB844E1-E4A8-4D0A-A313-C447F3BAB33F}"
EndProject
Project("{9A19103F-16F7-4668-BE54-9A1E7A4F7556}") = "LeetCode0065", "LeetCode0065\LeetCode0065.csproj", "{A0308F36-9C0F-4FAD-BEFC-50EEEF6432A7}"
EndProject
Project("{9A19103F-16F7-4668-BE54-9A1E7A4F7556}") = "LeetCode0239", "LeetCode0239\LeetCode0239.csproj", "{4867B43A-6400-4DB4-A5CC-B4C7CFC9F4DB}"
EndProject
Project("{9A19103F-16F7-4668-BE54-9A1E7A4F7556}") = "LeetCode0273", "LeetCode0273\LeetCode0273.csproj", "{5C1116CE-BBF6-4269-B8EB-7A6483A72578}"
EndProject
Project("{9A19103F-16F7-4668-BE54-9A1E7A4F7556}") = "LeetCode0330", "LeetCode0330\LeetCode0330.csproj", "{65C2F61F-B057-41F6-B7B2-B76C9CB0BA17}"
EndProject
Project("{9A19103F-16F7-4668-BE54-9A1E7A4F7556}") = "LeetCode0348", "LeetCode0348\LeetCode0348.csproj", "{AA049E5F-2CFE-42C7-AF25-DE8BBEB71831}"
EndProject
Project("{9A19103F-16F7-4668-BE54-9A1E7A4F7556}") = "LeetCode0097", "LeetCode00097\LeetCode0097.csproj", "{4E92D4A4-A14B-4846-9E15-9860B4CC7639}"
EndProject
Project("{9A19103F-16F7-4668-BE54-9A1E7A4F7556}") = "LeetCode0407", "LeetCode0407\LeetCode0407.csproj", "{BA3AF9F9-84F4-4777-ACD2-C6EC95DA1CF3}"
EndProject
Project("{9A19103F-16F7-4668-BE54-9A1E7A4F7556}") = "LeetCode0367", "LeetCode00367\LeetCode0367.csproj", "{C5A60399-6B47-4C97-B053-43FEC978905F}"
EndProject
Project("{9A19103F-16F7-4668-BE54-9A1E7A4F7556}") = "LeetCode0525", "LeetCode00525\LeetCode0525.csproj", "{FA8F1BBD-F3B7-4107-B882-433D97945C7F}"
EndProject
Project("{9A19103F-16F7-4668-BE54-9A1E7A4F7556}") = "Leetcode1218", "Leetcode1218\Leetcode1218.csproj", "{266B5EFB-E738-41CD-AF20-2309E9F5FB76}"
EndProject
Project("{9A19103F-16F7-4668-BE54-9A1E7A4F7556}") = "LeetCode0299", "LeetCode299\LeetCode0299.csproj", "{4FCB7F64-252B-405F-9EA7-945757A5A1C0}"
EndProject
Project("{9A19103F-16F7-4668-BE54-9A1E7A4F7556}") = "LeetCode0375", "LeetCode0375\LeetCode0375.csproj", "{B80C9C25-43CA-423F-9D69-5A0155F36DC6}"
EndProject
Project("{FAE04EC0-301F-11D3-BF4B-00C04F79EFBC}") = "LeetCode0397", "LeetCode0397\LeetCode0397.csproj", "{524F739B-ED8E-4959-8F99-7626195285A4}"
EndProject
Global
	GlobalSection(SolutionConfigurationPlatforms) = preSolution
		Debug|Any CPU = Debug|Any CPU
		Release|Any CPU = Release|Any CPU
	EndGlobalSection
	GlobalSection(ProjectConfigurationPlatforms) = postSolution
		{62CFA446-7AE1-4A91-A5FE-EBC6BC7F861E}.Debug|Any CPU.ActiveCfg = Debug|Any CPU
		{62CFA446-7AE1-4A91-A5FE-EBC6BC7F861E}.Debug|Any CPU.Build.0 = Debug|Any CPU
		{62CFA446-7AE1-4A91-A5FE-EBC6BC7F861E}.Release|Any CPU.ActiveCfg = Release|Any CPU
		{62CFA446-7AE1-4A91-A5FE-EBC6BC7F861E}.Release|Any CPU.Build.0 = Release|Any CPU
		{3A5A7197-D5F8-4289-92BC-3A37EA8ECB0D}.Debug|Any CPU.ActiveCfg = Debug|Any CPU
		{3A5A7197-D5F8-4289-92BC-3A37EA8ECB0D}.Debug|Any CPU.Build.0 = Debug|Any CPU
		{3A5A7197-D5F8-4289-92BC-3A37EA8ECB0D}.Release|Any CPU.ActiveCfg = Release|Any CPU
		{3A5A7197-D5F8-4289-92BC-3A37EA8ECB0D}.Release|Any CPU.Build.0 = Release|Any CPU
		{4095766E-87EB-471B-92BE-C560DA454A54}.Debug|Any CPU.ActiveCfg = Debug|Any CPU
		{4095766E-87EB-471B-92BE-C560DA454A54}.Debug|Any CPU.Build.0 = Debug|Any CPU
		{4095766E-87EB-471B-92BE-C560DA454A54}.Release|Any CPU.ActiveCfg = Release|Any CPU
		{4095766E-87EB-471B-92BE-C560DA454A54}.Release|Any CPU.Build.0 = Release|Any CPU
		{732FB678-4913-4887-ACBC-8E724233ED59}.Debug|Any CPU.ActiveCfg = Debug|Any CPU
		{732FB678-4913-4887-ACBC-8E724233ED59}.Debug|Any CPU.Build.0 = Debug|Any CPU
		{732FB678-4913-4887-ACBC-8E724233ED59}.Release|Any CPU.ActiveCfg = Release|Any CPU
		{732FB678-4913-4887-ACBC-8E724233ED59}.Release|Any CPU.Build.0 = Release|Any CPU
		{745D24AC-CE91-44E6-9ACC-CB28C3B8A22D}.Debug|Any CPU.ActiveCfg = Debug|Any CPU
		{745D24AC-CE91-44E6-9ACC-CB28C3B8A22D}.Debug|Any CPU.Build.0 = Debug|Any CPU
		{745D24AC-CE91-44E6-9ACC-CB28C3B8A22D}.Release|Any CPU.ActiveCfg = Release|Any CPU
		{745D24AC-CE91-44E6-9ACC-CB28C3B8A22D}.Release|Any CPU.Build.0 = Release|Any CPU
		{F0413CC9-181C-47AE-949E-F0A6A6B033C7}.Debug|Any CPU.ActiveCfg = Debug|Any CPU
		{F0413CC9-181C-47AE-949E-F0A6A6B033C7}.Debug|Any CPU.Build.0 = Debug|Any CPU
		{F0413CC9-181C-47AE-949E-F0A6A6B033C7}.Release|Any CPU.ActiveCfg = Release|Any CPU
		{F0413CC9-181C-47AE-949E-F0A6A6B033C7}.Release|Any CPU.Build.0 = Release|Any CPU
		{CFE4DFFF-4C09-4AFA-AAF9-22D855FC4DB2}.Debug|Any CPU.ActiveCfg = Debug|Any CPU
		{CFE4DFFF-4C09-4AFA-AAF9-22D855FC4DB2}.Debug|Any CPU.Build.0 = Debug|Any CPU
		{CFE4DFFF-4C09-4AFA-AAF9-22D855FC4DB2}.Release|Any CPU.ActiveCfg = Release|Any CPU
		{CFE4DFFF-4C09-4AFA-AAF9-22D855FC4DB2}.Release|Any CPU.Build.0 = Release|Any CPU
		{D4244FB4-ACF3-4B1E-8AA8-A4ABD7CB6D19}.Debug|Any CPU.ActiveCfg = Debug|Any CPU
		{D4244FB4-ACF3-4B1E-8AA8-A4ABD7CB6D19}.Debug|Any CPU.Build.0 = Debug|Any CPU
		{D4244FB4-ACF3-4B1E-8AA8-A4ABD7CB6D19}.Release|Any CPU.ActiveCfg = Release|Any CPU
		{D4244FB4-ACF3-4B1E-8AA8-A4ABD7CB6D19}.Release|Any CPU.Build.0 = Release|Any CPU
		{2BB844E1-E4A8-4D0A-A313-C447F3BAB33F}.Debug|Any CPU.ActiveCfg = Debug|Any CPU
		{2BB844E1-E4A8-4D0A-A313-C447F3BAB33F}.Debug|Any CPU.Build.0 = Debug|Any CPU
		{2BB844E1-E4A8-4D0A-A313-C447F3BAB33F}.Release|Any CPU.ActiveCfg = Release|Any CPU
		{2BB844E1-E4A8-4D0A-A313-C447F3BAB33F}.Release|Any CPU.Build.0 = Release|Any CPU
		{A0308F36-9C0F-4FAD-BEFC-50EEEF6432A7}.Debug|Any CPU.ActiveCfg = Debug|Any CPU
		{A0308F36-9C0F-4FAD-BEFC-50EEEF6432A7}.Debug|Any CPU.Build.0 = Debug|Any CPU
		{A0308F36-9C0F-4FAD-BEFC-50EEEF6432A7}.Release|Any CPU.ActiveCfg = Release|Any CPU
		{A0308F36-9C0F-4FAD-BEFC-50EEEF6432A7}.Release|Any CPU.Build.0 = Release|Any CPU
		{4867B43A-6400-4DB4-A5CC-B4C7CFC9F4DB}.Debug|Any CPU.ActiveCfg = Debug|Any CPU
		{4867B43A-6400-4DB4-A5CC-B4C7CFC9F4DB}.Debug|Any CPU.Build.0 = Debug|Any CPU
		{4867B43A-6400-4DB4-A5CC-B4C7CFC9F4DB}.Release|Any CPU.ActiveCfg = Release|Any CPU
		{4867B43A-6400-4DB4-A5CC-B4C7CFC9F4DB}.Release|Any CPU.Build.0 = Release|Any CPU
		{5C1116CE-BBF6-4269-B8EB-7A6483A72578}.Debug|Any CPU.ActiveCfg = Debug|Any CPU
		{5C1116CE-BBF6-4269-B8EB-7A6483A72578}.Debug|Any CPU.Build.0 = Debug|Any CPU
		{5C1116CE-BBF6-4269-B8EB-7A6483A72578}.Release|Any CPU.ActiveCfg = Release|Any CPU
		{5C1116CE-BBF6-4269-B8EB-7A6483A72578}.Release|Any CPU.Build.0 = Release|Any CPU
		{65C2F61F-B057-41F6-B7B2-B76C9CB0BA17}.Debug|Any CPU.ActiveCfg = Debug|Any CPU
		{65C2F61F-B057-41F6-B7B2-B76C9CB0BA17}.Debug|Any CPU.Build.0 = Debug|Any CPU
		{65C2F61F-B057-41F6-B7B2-B76C9CB0BA17}.Release|Any CPU.ActiveCfg = Release|Any CPU
		{65C2F61F-B057-41F6-B7B2-B76C9CB0BA17}.Release|Any CPU.Build.0 = Release|Any CPU
		{AA049E5F-2CFE-42C7-AF25-DE8BBEB71831}.Debug|Any CPU.ActiveCfg = Debug|Any CPU
		{AA049E5F-2CFE-42C7-AF25-DE8BBEB71831}.Debug|Any CPU.Build.0 = Debug|Any CPU
		{AA049E5F-2CFE-42C7-AF25-DE8BBEB71831}.Release|Any CPU.ActiveCfg = Release|Any CPU
		{AA049E5F-2CFE-42C7-AF25-DE8BBEB71831}.Release|Any CPU.Build.0 = Release|Any CPU
		{4E92D4A4-A14B-4846-9E15-9860B4CC7639}.Debug|Any CPU.ActiveCfg = Debug|Any CPU
		{4E92D4A4-A14B-4846-9E15-9860B4CC7639}.Debug|Any CPU.Build.0 = Debug|Any CPU
		{4E92D4A4-A14B-4846-9E15-9860B4CC7639}.Release|Any CPU.ActiveCfg = Release|Any CPU
		{4E92D4A4-A14B-4846-9E15-9860B4CC7639}.Release|Any CPU.Build.0 = Release|Any CPU
		{BA3AF9F9-84F4-4777-ACD2-C6EC95DA1CF3}.Debug|Any CPU.ActiveCfg = Debug|Any CPU
		{BA3AF9F9-84F4-4777-ACD2-C6EC95DA1CF3}.Debug|Any CPU.Build.0 = Debug|Any CPU
		{BA3AF9F9-84F4-4777-ACD2-C6EC95DA1CF3}.Release|Any CPU.ActiveCfg = Release|Any CPU
		{BA3AF9F9-84F4-4777-ACD2-C6EC95DA1CF3}.Release|Any CPU.Build.0 = Release|Any CPU
		{C5A60399-6B47-4C97-B053-43FEC978905F}.Debug|Any CPU.ActiveCfg = Debug|Any CPU
		{C5A60399-6B47-4C97-B053-43FEC978905F}.Debug|Any CPU.Build.0 = Debug|Any CPU
		{C5A60399-6B47-4C97-B053-43FEC978905F}.Release|Any CPU.ActiveCfg = Release|Any CPU
		{C5A60399-6B47-4C97-B053-43FEC978905F}.Release|Any CPU.Build.0 = Release|Any CPU
		{FA8F1BBD-F3B7-4107-B882-433D97945C7F}.Debug|Any CPU.ActiveCfg = Debug|Any CPU
		{FA8F1BBD-F3B7-4107-B882-433D97945C7F}.Debug|Any CPU.Build.0 = Debug|Any CPU
		{FA8F1BBD-F3B7-4107-B882-433D97945C7F}.Release|Any CPU.ActiveCfg = Release|Any CPU
		{FA8F1BBD-F3B7-4107-B882-433D97945C7F}.Release|Any CPU.Build.0 = Release|Any CPU
		{266B5EFB-E738-41CD-AF20-2309E9F5FB76}.Debug|Any CPU.ActiveCfg = Debug|Any CPU
		{266B5EFB-E738-41CD-AF20-2309E9F5FB76}.Debug|Any CPU.Build.0 = Debug|Any CPU
		{266B5EFB-E738-41CD-AF20-2309E9F5FB76}.Release|Any CPU.ActiveCfg = Release|Any CPU
		{266B5EFB-E738-41CD-AF20-2309E9F5FB76}.Release|Any CPU.Build.0 = Release|Any CPU
		{4FCB7F64-252B-405F-9EA7-945757A5A1C0}.Debug|Any CPU.ActiveCfg = Debug|Any CPU
		{4FCB7F64-252B-405F-9EA7-945757A5A1C0}.Debug|Any CPU.Build.0 = Debug|Any CPU
		{4FCB7F64-252B-405F-9EA7-945757A5A1C0}.Release|Any CPU.ActiveCfg = Release|Any CPU
		{4FCB7F64-252B-405F-9EA7-945757A5A1C0}.Release|Any CPU.Build.0 = Release|Any CPU
		{B80C9C25-43CA-423F-9D69-5A0155F36DC6}.Debug|Any CPU.ActiveCfg = Debug|Any CPU
		{B80C9C25-43CA-423F-9D69-5A0155F36DC6}.Debug|Any CPU.Build.0 = Debug|Any CPU
		{B80C9C25-43CA-423F-9D69-5A0155F36DC6}.Release|Any CPU.ActiveCfg = Release|Any CPU
		{B80C9C25-43CA-423F-9D69-5A0155F36DC6}.Release|Any CPU.Build.0 = Release|Any CPU
		{524F739B-ED8E-4959-8F99-7626195285A4}.Debug|Any CPU.ActiveCfg = Debug|Any CPU
		{524F739B-ED8E-4959-8F99-7626195285A4}.Debug|Any CPU.Build.0 = Debug|Any CPU
		{524F739B-ED8E-4959-8F99-7626195285A4}.Release|Any CPU.ActiveCfg = Release|Any CPU
		{524F739B-ED8E-4959-8F99-7626195285A4}.Release|Any CPU.Build.0 = Release|Any CPU
	EndGlobalSection
	GlobalSection(SolutionProperties) = preSolution
		HideSolutionNode = FALSE
	EndGlobalSection
	GlobalSection(ExtensibilityGlobals) = postSolution
		SolutionGuid = {6A2BC569-77B4-4CAD-A470-CB71F154284F}
	EndGlobalSection
EndGlobal
