
Microsoft Visual Studio Solution File, Format Version 12.00
# Visual Studio Version 16
VisualStudioVersion = 16.0.30907.101
MinimumVisualStudioVersion = 10.0.40219.1
Project("{9A19103F-16F7-4668-BE54-9A1E7A4F7556}") = "LeetCode0010", "LeetCode010\LeetCode0010.csproj", "{A8C917AC-CCDF-464D-AD6B-09C0B9AC7283}"
EndProject
Project("{9A19103F-16F7-4668-BE54-9A1E7A4F7556}") = "LeetCode0025", "LeetCode025\LeetCode0025.csproj", "{CE138654-8635-46D9-9444-B640F6F1D68C}"
EndProject
Project("{9A19103F-16F7-4668-BE54-9A1E7A4F7556}") = "LeetCode0030", "LeetCode030\LeetCode0030.csproj", "{73C70AA6-8A79-4614-A638-C8D7E05F753B}"
EndProject
Project("{9A19103F-16F7-4668-BE54-9A1E7A4F7556}") = "LeetCode0032", "LeetCode032\LeetCode0032.csproj", "{C6782EA2-C84F-4153-ABA8-E3A168322FFC}"
EndProject
Project("{9A19103F-16F7-4668-BE54-9A1E7A4F7556}") = "LeetCode0037", "LeetCode037\LeetCode0037.csproj", "{658B2805-7FA6-45E6-90AE-194077EBC041}"
EndProject
Project("{9A19103F-16F7-4668-BE54-9A1E7A4F7556}") = "LeetCode0218", "LeetCode218\LeetCode0218.csproj", "{1E3D682A-BCE5-4EE3-A30E-70A671455281}"
EndProject
Project("{9A19103F-16F7-4668-BE54-9A1E7A4F7556}") = "LeetCode1246", "LeetCode1246\LeetCode1246.csproj", "{62CFA446-7AE1-4A91-A5FE-EBC6BC7F861E}"
EndProject
Global
	GlobalSection(SolutionConfigurationPlatforms) = preSolution
		Debug|Any CPU = Debug|Any CPU
		Release|Any CPU = Release|Any CPU
	EndGlobalSection
	GlobalSection(ProjectConfigurationPlatforms) = postSolution
		{A8C917AC-CCDF-464D-AD6B-09C0B9AC7283}.Debug|Any CPU.ActiveCfg = Debug|Any CPU
		{A8C917AC-CCDF-464D-AD6B-09C0B9AC7283}.Debug|Any CPU.Build.0 = Debug|Any CPU
		{A8C917AC-CCDF-464D-AD6B-09C0B9AC7283}.Release|Any CPU.ActiveCfg = Release|Any CPU
		{A8C917AC-CCDF-464D-AD6B-09C0B9AC7283}.Release|Any CPU.Build.0 = Release|Any CPU
		{CE138654-8635-46D9-9444-B640F6F1D68C}.Debug|Any CPU.ActiveCfg = Debug|Any CPU
		{CE138654-8635-46D9-9444-B640F6F1D68C}.Debug|Any CPU.Build.0 = Debug|Any CPU
		{CE138654-8635-46D9-9444-B640F6F1D68C}.Release|Any CPU.ActiveCfg = Release|Any CPU
		{CE138654-8635-46D9-9444-B640F6F1D68C}.Release|Any CPU.Build.0 = Release|Any CPU
		{73C70AA6-8A79-4614-A638-C8D7E05F753B}.Debug|Any CPU.ActiveCfg = Debug|Any CPU
		{73C70AA6-8A79-4614-A638-C8D7E05F753B}.Debug|Any CPU.Build.0 = Debug|Any CPU
		{73C70AA6-8A79-4614-A638-C8D7E05F753B}.Release|Any CPU.ActiveCfg = Release|Any CPU
		{73C70AA6-8A79-4614-A638-C8D7E05F753B}.Release|Any CPU.Build.0 = Release|Any CPU
		{C6782EA2-C84F-4153-ABA8-E3A168322FFC}.Debug|Any CPU.ActiveCfg = Debug|Any CPU
		{C6782EA2-C84F-4153-ABA8-E3A168322FFC}.Debug|Any CPU.Build.0 = Debug|Any CPU
		{C6782EA2-C84F-4153-ABA8-E3A168322FFC}.Release|Any CPU.ActiveCfg = Release|Any CPU
		{C6782EA2-C84F-4153-ABA8-E3A168322FFC}.Release|Any CPU.Build.0 = Release|Any CPU
		{658B2805-7FA6-45E6-90AE-194077EBC041}.Debug|Any CPU.ActiveCfg = Debug|Any CPU
		{658B2805-7FA6-45E6-90AE-194077EBC041}.Debug|Any CPU.Build.0 = Debug|Any CPU
		{658B2805-7FA6-45E6-90AE-194077EBC041}.Release|Any CPU.ActiveCfg = Release|Any CPU
		{658B2805-7FA6-45E6-90AE-194077EBC041}.Release|Any CPU.Build.0 = Release|Any CPU
		{1E3D682A-BCE5-4EE3-A30E-70A671455281}.Debug|Any CPU.ActiveCfg = Debug|Any CPU
		{1E3D682A-BCE5-4EE3-A30E-70A671455281}.Debug|Any CPU.Build.0 = Debug|Any CPU
		{1E3D682A-BCE5-4EE3-A30E-70A671455281}.Release|Any CPU.ActiveCfg = Release|Any CPU
		{1E3D682A-BCE5-4EE3-A30E-70A671455281}.Release|Any CPU.Build.0 = Release|Any CPU
		{62CFA446-7AE1-4A91-A5FE-EBC6BC7F861E}.Debug|Any CPU.ActiveCfg = Debug|Any CPU
		{62CFA446-7AE1-4A91-A5FE-EBC6BC7F861E}.Debug|Any CPU.Build.0 = Debug|Any CPU
		{62CFA446-7AE1-4A91-A5FE-EBC6BC7F861E}.Release|Any CPU.ActiveCfg = Release|Any CPU
		{62CFA446-7AE1-4A91-A5FE-EBC6BC7F861E}.Release|Any CPU.Build.0 = Release|Any CPU
	EndGlobalSection
	GlobalSection(SolutionProperties) = preSolution
		HideSolutionNode = FALSE
	EndGlobalSection
	GlobalSection(ExtensibilityGlobals) = postSolution
		SolutionGuid = {6A2BC569-77B4-4CAD-A470-CB71F154284F}
	EndGlobalSection
EndGlobal
